{
  "version": "v1",
  "packages": {
    "@shiftcommerce/shift-react-components": {
      "signature": "6d378cbaa1f7798a73b79c8861c961f6",
      "file": true,
      "replaced": "^0.7.0"
    },
    "@shiftcommerce/shift-node-api": {
      "signature": "f882618e020f34be3810280c42ef0ad7",
      "file": true,
      "replaced": "0.3.1"
    }
  }
}