{
  "version": "v1",
  "packages": {
    "@shiftcommerce/shift-react-components": {
      "signature": "eca109d16e7a956bcedb4ddc0ad11e1b",
      "file": true,
      "replaced": "^0.7.0"
    },
    "@shiftcommerce/shift-node-api": {
      "signature": "f882618e020f34be3810280c42ef0ad7",
      "file": true,
      "replaced": "0.3.1"
    }
  }
}